
Microsoft Visual Studio Solution File, Format Version 12.00
# Visual Studio Version 18
VisualStudioVersion = 18.4.11626.88 stable
MinimumVisualStudioVersion = 10.0.40219.1
Project("{FAE04EC0-301F-11D3-BF4B-00C04F79EFBC}") = "tzer0mApi", "tzer0mApi\tzer0mApi.csproj", "{CF4529FE-951E-465C-BF38-5DAABE81F813}"
EndProject
Project("{FAE04EC0-301F-11D3-BF4B-00C04F79EFBC}") = "KeyGenerator", "KeyGenerator\KeyGenerator.csproj", "{E6609DCB-0F2F-40E9-B294-F52CCEC0C338}"
EndProject
Project("{2150E333-8FDC-42A3-9474-1A3956D46DE8}") = "Solution Items", "Solution Items", "{9596757F-61C1-4ACB-879A-279E07557A71}"
EndProject
Global
	GlobalSection(SolutionConfigurationPlatforms) = preSolution
		Debug|Any CPU = Debug|Any CPU
		Release|Any CPU = Release|Any CPU
	EndGlobalSection
	GlobalSection(ProjectConfigurationPlatforms) = postSolution
		{CF4529FE-951E-465C-BF38-5DAABE81F813}.Debug|Any CPU.ActiveCfg = Debug|Any CPU
		{CF4529FE-951E-465C-BF38-5DAABE81F813}.Debug|Any CPU.Build.0 = Debug|Any CPU
		{CF4529FE-951E-465C-BF38-5DAABE81F813}.Release|Any CPU.ActiveCfg = Release|Any CPU
		{CF4529FE-951E-465C-BF38-5DAABE81F813}.Release|Any CPU.Build.0 = Release|Any CPU
		{E6609DCB-0F2F-40E9-B294-F52CCEC0C338}.Debug|Any CPU.ActiveCfg = Debug|Any CPU
		{E6609DCB-0F2F-40E9-B294-F52CCEC0C338}.Debug|Any CPU.Build.0 = Debug|Any CPU
		{E6609DCB-0F2F-40E9-B294-F52CCEC0C338}.Release|Any CPU.ActiveCfg = Release|Any CPU
		{E6609DCB-0F2F-40E9-B294-F52CCEC0C338}.Release|Any CPU.Build.0 = Release|Any CPU
	EndGlobalSection
	GlobalSection(SolutionProperties) = preSolution
		HideSolutionNode = FALSE
	EndGlobalSection
	GlobalSection(ExtensibilityGlobals) = postSolution
		SolutionGuid = {EB208010-20C7-4068-8074-E124C9E8A41F}
	EndGlobalSection
EndGlobal
